
Microsoft Visual Studio Solution File, Format Version 12.00
# Visual Studio Version 17
VisualStudioVersion = 17.2.32630.192
MinimumVisualStudioVersion = 10.0.40219.1
Project("{FAE04EC0-301F-11D3-BF4B-00C04F79EFBC}") = "Tymoteuszobot", "Tymoteuszobot\Tymoteuszobot.csproj", "{E404B1D8-25E0-4F04-8C42-FC954E956598}"
EndProject
Global
	GlobalSection(SolutionConfigurationPlatforms) = preSolution
		Debug|Any CPU = Debug|Any CPU
		Release|Any CPU = Release|Any CPU
	EndGlobalSection
	GlobalSection(ProjectConfigurationPlatforms) = postSolution
		{E404B1D8-25E0-4F04-8C42-FC954E956598}.Debug|Any CPU.ActiveCfg = Debug|Any CPU
		{E404B1D8-25E0-4F04-8C42-FC954E956598}.Debug|Any CPU.Build.0 = Debug|Any CPU
		{E404B1D8-25E0-4F04-8C42-FC954E956598}.Release|Any CPU.ActiveCfg = Release|Any CPU
		{E404B1D8-25E0-4F04-8C42-FC954E956598}.Release|Any CPU.Build.0 = Release|Any CPU
	EndGlobalSection
	GlobalSection(SolutionProperties) = preSolution
		HideSolutionNode = FALSE
	EndGlobalSection
	GlobalSection(ExtensibilityGlobals) = postSolution
		SolutionGuid = {B7BEB370-F5B0-4DA8-A4C8-D321C968ABD0}
	EndGlobalSection
EndGlobal
